// !$*UTF8*$!
{
	archiveVersion = 1;
	classes = {
	};
	objectVersion = 77;
	objects = {

/* Begin PBXContainerItemProxy section */
		514D00172DA41890008BB1CF /* PBXContainerItemProxy */ = {
			isa = PBXContainerItemProxy;
			containerPortal = 514DFFFE2DA4188F008BB1CF /* Project object */;
			proxyType = 1;
			remoteGlobalIDString = 514D00052DA4188F008BB1CF;
			remoteInfo = WaddleWaddle;
		};
		514D00212DA41890008BB1CF /* PBXContainerItemProxy */ = {
			isa = PBXContainerItemProxy;
			containerPortal = 514DFFFE2DA4188F008BB1CF /* Project object */;
			proxyType = 1;
			remoteGlobalIDString = 514D00052DA4188F008BB1CF;
			remoteInfo = WaddleWaddle;
		};
/* End PBXContainerItemProxy section */

/* Begin PBXFileReference section */
		514D00062DA4188F008BB1CF /* WaddleWaddle.app */ = {isa = PBXFileReference; explicitFileType = wrapper.application; includeInIndex = 0; path = WaddleWaddle.app; sourceTree = BUILT_PRODUCTS_DIR; };
		514D00162DA41890008BB1CF /* WaddleWaddleTests.xctest */ = {isa = PBXFileReference; explicitFileType = wrapper.cfbundle; includeInIndex = 0; path = WaddleWaddleTests.xctest; sourceTree = BUILT_PRODUCTS_DIR; };
		514D00202DA41890008BB1CF /* WaddleWaddleUITests.xctest */ = {isa = PBXFileReference; explicitFileType = wrapper.cfbundle; includeInIndex = 0; path = WaddleWaddleUITests.xctest; sourceTree = BUILT_PRODUCTS_DIR; };
/* End PBXFileReference section */

/* Begin PBXFileSystemSynchronizedBuildFileExceptionSet section */
		51BF64302DA76E0200EBCB73 /* Exceptions for "WaddleWaddle" folder in "WaddleWaddle" target */ = {
			isa = PBXFileSystemSynchronizedBuildFileExceptionSet;
			membershipExceptions = (
				Info.plist,
			);
			target = 514D00052DA4188F008BB1CF /* WaddleWaddle */;
		};
/* End PBXFileSystemSynchronizedBuildFileExceptionSet section */

/* Begin PBXFileSystemSynchronizedRootGroup section */
		514D00082DA4188F008BB1CF /* WaddleWaddle */ = {
			isa = PBXFileSystemSynchronizedRootGroup;
			exceptions = (
				51BF64302DA76E0200EBCB73 /* Exceptions for "WaddleWaddle" folder in "WaddleWaddle" target */,
			);
			path = WaddleWaddle;
			sourceTree = "<group>";
		};
		514D00192DA41890008BB1CF /* WaddleWaddleTests */ = {
			isa = PBXFileSystemSynchronizedRootGroup;
			path = WaddleWaddleTests;
			sourceTree = "<group>";
		};
		514D00232DA41890008BB1CF /* WaddleWaddleUITests */ = {
			isa = PBXFileSystemSynchronizedRootGroup;
			path = WaddleWaddleUITests;
			sourceTree = "<group>";
		};
/* End PBXFileSystemSynchronizedRootGroup section */

/* Begin PBXFrameworksBuildPhase section */
		514D00032DA4188F008BB1CF /* Frameworks */ = {
			isa = PBXFrameworksBuildPhase;
			buildActionMask = 2147483647;
			files = (
			);
			runOnlyForDeploymentPostprocessing = 0;
		};
		514D00132DA41890008BB1CF /* Frameworks */ = {
			isa = PBXFrameworksBuildPhase;
			buildActionMask = 2147483647;
			files = (
			);
			runOnlyForDeploymentPostprocessing = 0;
		};
		514D001D2DA41890008BB1CF /* Frameworks */ = {
			isa = PBXFrameworksBuildPhase;
			buildActionMask = 2147483647;
			files = (
			);
			runOnlyForDeploymentPostprocessing = 0;
		};
/* End PBXFrameworksBuildPhase section */

/* Begin PBXGroup section */
		514D00072DA4188F008BB1CF /* Products */ = {
			isa = PBXGroup;
			children = (
				514D00062DA4188F008BB1CF /* WaddleWaddle.app */,
				514D00162DA41890008BB1CF /* WaddleWaddleTests.xctest */,
				514D00202DA41890008BB1CF /* WaddleWaddleUITests.xctest */,
			);
			name = Products;
			sourceTree = "<group>";
		};
		514DFFFD2DA4188F008BB1CF = {
			isa = PBXGroup;
			children = (
				514D00082DA4188F008BB1CF /* WaddleWaddle */,
				514D00192DA41890008BB1CF /* WaddleWaddleTests */,
				514D00232DA41890008BB1CF /* WaddleWaddleUITests */,
				514D00072DA4188F008BB1CF /* Products */,
			);
			sourceTree = "<group>";
		};
/* End PBXGroup section */

/* Begin PBXNativeTarget section */
		514D00052DA4188F008BB1CF /* WaddleWaddle */ = {
			isa = PBXNativeTarget;
			buildConfigurationList = 514D002A2DA41890008BB1CF /* Build configuration list for PBXNativeTarget "WaddleWaddle" */;
			buildPhases = (
				514D00022DA4188F008BB1CF /* Sources */,
				514D00032DA4188F008BB1CF /* Frameworks */,
				514D00042DA4188F008BB1CF /* Resources */,
			);
			buildRules = (
			);
			dependencies = (
			);
			fileSystemSynchronizedGroups = (
				514D00082DA4188F008BB1CF /* WaddleWaddle */,
			);
			name = WaddleWaddle;
			packageProductDependencies = (
			);
			productName = WaddleWaddle;
			productReference = 514D00062DA4188F008BB1CF /* WaddleWaddle.app */;
			productType = "com.apple.product-type.application";
		};
		514D00152DA41890008BB1CF /* WaddleWaddleTests */ = {
			isa = PBXNativeTarget;
			buildConfigurationList = 514D002D2DA41890008BB1CF /* Build configuration list for PBXNativeTarget "WaddleWaddleTests" */;
			buildPhases = (
				514D00122DA41890008BB1CF /* Sources */,
				514D00132DA41890008BB1CF /* Frameworks */,
				514D00142DA41890008BB1CF /* Resources */,
			);
			buildRules = (
			);
			dependencies = (
				514D00182DA41890008BB1CF /* PBXTargetDependency */,
			);
			fileSystemSynchronizedGroups = (
				514D00192DA41890008BB1CF /* WaddleWaddleTests */,
			);
			name = WaddleWaddleTests;
			packageProductDependencies = (
			);
			productName = WaddleWaddleTests;
			productReference = 514D00162DA41890008BB1CF /* WaddleWaddleTests.xctest */;
			productType = "com.apple.product-type.bundle.unit-test";
		};
		514D001F2DA41890008BB1CF /* WaddleWaddleUITests */ = {
			isa = PBXNativeTarget;
			buildConfigurationList = 514D00302DA41890008BB1CF /* Build configuration list for PBXNativeTarget "WaddleWaddleUITests" */;
			buildPhases = (
				514D001C2DA41890008BB1CF /* Sources */,
				514D001D2DA41890008BB1CF /* Frameworks */,
				514D001E2DA41890008BB1CF /* Resources */,
			);
			buildRules = (
			);
			dependencies = (
				514D00222DA41890008BB1CF /* PBXTargetDependency */,
			);
			fileSystemSynchronizedGroups = (
				514D00232DA41890008BB1CF /* WaddleWaddleUITests */,
			);
			name = WaddleWaddleUITests;
			packageProductDependencies = (
			);
			productName = WaddleWaddleUITests;
			productReference = 514D00202DA41890008BB1CF /* WaddleWaddleUITests.xctest */;
			productType = "com.apple.product-type.bundle.ui-testing";
		};
/* End PBXNativeTarget section */

/* Begin PBXProject section */
		514DFFFE2DA4188F008BB1CF /* Project object */ = {
			isa = PBXProject;
			attributes = {
				BuildIndependentTargetsInParallel = 1;
				LastSwiftUpdateCheck = 1620;
				LastUpgradeCheck = 1620;
				TargetAttributes = {
					514D00052DA4188F008BB1CF = {
						CreatedOnToolsVersion = 16.2;
					};
					514D00152DA41890008BB1CF = {
						CreatedOnToolsVersion = 16.2;
						TestTargetID = 514D00052DA4188F008BB1CF;
					};
					514D001F2DA41890008BB1CF = {
						CreatedOnToolsVersion = 16.2;
						TestTargetID = 514D00052DA4188F008BB1CF;
					};
				};
			};
			buildConfigurationList = 514D00012DA4188F008BB1CF /* Build configuration list for PBXProject "WaddleWaddle" */;
			developmentRegion = en;
			hasScannedForEncodings = 0;
			knownRegions = (
				en,
				Base,
			);
			mainGroup = 514DFFFD2DA4188F008BB1CF;
			minimizedProjectReferenceProxies = 1;
			preferredProjectObjectVersion = 77;
			productRefGroup = 514D00072DA4188F008BB1CF /* Products */;
			projectDirPath = "";
			projectRoot = "";
			targets = (
				514D00052DA4188F008BB1CF /* WaddleWaddle */,
				514D00152DA41890008BB1CF /* WaddleWaddleTests */,
				514D001F2DA41890008BB1CF /* WaddleWaddleUITests */,
			);
		};
/* End PBXProject section */

/* Begin PBXResourcesBuildPhase section */
		514D00042DA4188F008BB1CF /* Resources */ = {
			isa = PBXResourcesBuildPhase;
			buildActionMask = 2147483647;
			files = (
			);
			runOnlyForDeploymentPostprocessing = 0;
		};
		514D00142DA41890008BB1CF /* Resources */ = {
			isa = PBXResourcesBuildPhase;
			buildActionMask = 2147483647;
			files = (
			);
			runOnlyForDeploymentPostprocessing = 0;
		};
		514D001E2DA41890008BB1CF /* Resources */ = {
			isa = PBXResourcesBuildPhase;
			buildActionMask = 2147483647;
			files = (
			);
			runOnlyForDeploymentPostprocessing = 0;
		};
/* End PBXResourcesBuildPhase section */

/* Begin PBXSourcesBuildPhase section */
		514D00022DA4188F008BB1CF /* Sources */ = {
			isa = PBXSourcesBuildPhase;
			buildActionMask = 2147483647;
			files = (
			);
			runOnlyForDeploymentPostprocessing = 0;
		};
		514D00122DA41890008BB1CF /* Sources */ = {
			isa = PBXSourcesBuildPhase;
			buildActionMask = 2147483647;
			files = (
			);
			runOnlyForDeploymentPostprocessing = 0;
		};
		514D001C2DA41890008BB1CF /* Sources */ = {
			isa = PBXSourcesBuildPhase;
			buildActionMask = 2147483647;
			files = (
			);
			runOnlyForDeploymentPostprocessing = 0;
		};
/* End PBXSourcesBuildPhase section */

/* Begin PBXTargetDependency section */
		514D00182DA41890008BB1CF /* PBXTargetDependency */ = {
			isa = PBXTargetDependency;
			target = 514D00052DA4188F008BB1CF /* WaddleWaddle */;
			targetProxy = 514D00172DA41890008BB1CF /* PBXContainerItemProxy */;
		};
		514D00222DA41890008BB1CF /* PBXTargetDependency */ = {
			isa = PBXTargetDependency;
			target = 514D00052DA4188F008BB1CF /* WaddleWaddle */;
			targetProxy = 514D00212DA41890008BB1CF /* PBXContainerItemProxy */;
		};
/* End PBXTargetDependency section */

/* Begin XCBuildConfiguration section */
		514D00282DA41890008BB1CF /* Debug */ = {
			isa = XCBuildConfiguration;
			buildSettings = {
				ALWAYS_SEARCH_USER_PATHS = NO;
				ASSETCATALOG_COMPILER_GENERATE_SWIFT_ASSET_SYMBOL_EXTENSIONS = YES;
				CLANG_ANALYZER_NONNULL = YES;
				CLANG_ANALYZER_NUMBER_OBJECT_CONVERSION = YES_AGGRESSIVE;
				CLANG_CXX_LANGUAGE_STANDARD = "gnu++20";
				CLANG_ENABLE_MODULES = YES;
				CLANG_ENABLE_OBJC_ARC = YES;
				CLANG_ENABLE_OBJC_WEAK = YES;
				CLANG_WARN_BLOCK_CAPTURE_AUTORELEASING = YES;
				CLANG_WARN_BOOL_CONVERSION = YES;
				CLANG_WARN_COMMA = YES;
				CLANG_WARN_CONSTANT_CONVERSION = YES;
				CLANG_WARN_DEPRECATED_OBJC_IMPLEMENTATIONS = YES;
				CLANG_WARN_DIRECT_OBJC_ISA_USAGE = YES_ERROR;
				CLANG_WARN_DOCUMENTATION_COMMENTS = YES;
				CLANG_WARN_EMPTY_BODY = YES;
				CLANG_WARN_ENUM_CONVERSION = YES;
				CLANG_WARN_INFINITE_RECURSION = YES;
				CLANG_WARN_INT_CONVERSION = YES;
				CLANG_WARN_NON_LITERAL_NULL_CONVERSION = YES;
				CLANG_WARN_OBJC_IMPLICIT_RETAIN_SELF = YES;
				CLANG_WARN_OBJC_LITERAL_CONVERSION = YES;
				CLANG_WARN_OBJC_ROOT_CLASS = YES_ERROR;
				CLANG_WARN_QUOTED_INCLUDE_IN_FRAMEWORK_HEADER = YES;
				CLANG_WARN_RANGE_LOOP_ANALYSIS = YES;
				CLANG_WARN_STRICT_PROTOTYPES = YES;
				CLANG_WARN_SUSPICIOUS_MOVE = YES;
				CLANG_WARN_UNGUARDED_AVAILABILITY = YES_AGGRESSIVE;
				CLANG_WARN_UNREACHABLE_CODE = YES;
				CLANG_WARN__DUPLICATE_METHOD_MATCH = YES;
				COPY_PHASE_STRIP = NO;
				DEBUG_INFORMATION_FORMAT = dwarf;
				ENABLE_STRICT_OBJC_MSGSEND = YES;
				ENABLE_TESTABILITY = YES;
				ENABLE_USER_SCRIPT_SANDBOXING = YES;
				GCC_C_LANGUAGE_STANDARD = gnu17;
				GCC_DYNAMIC_NO_PIC = NO;
				GCC_NO_COMMON_BLOCKS = YES;
				GCC_OPTIMIZATION_LEVEL = 0;
				GCC_PREPROCESSOR_DEFINITIONS = (
					"DEBUG=1",
					"$(inherited)",
				);
				GCC_WARN_64_TO_32_BIT_CONVERSION = YES;
				GCC_WARN_ABOUT_RETURN_TYPE = YES_ERROR;
				GCC_WARN_UNDECLARED_SELECTOR = YES;
				GCC_WARN_UNINITIALIZED_AUTOS = YES_AGGRESSIVE;
				GCC_WARN_UNUSED_FUNCTION = YES;
				GCC_WARN_UNUSED_VARIABLE = YES;
				IPHONEOS_DEPLOYMENT_TARGET = 18.2;
				LOCALIZATION_PREFERS_STRING_CATALOGS = YES;
				MTL_ENABLE_DEBUG_INFO = INCLUDE_SOURCE;
				MTL_FAST_MATH = YES;
				ONLY_ACTIVE_ARCH = YES;
				SDKROOT = iphoneos;
				SWIFT_ACTIVE_COMPILATION_CONDITIONS = "DEBUG $(inherited)";
				SWIFT_OPTIMIZATION_LEVEL = "-Onone";
			};
			name = Debug;
		};
		514D00292DA41890008BB1CF /* Release */ = {
			isa = XCBuildConfiguration;
			buildSettings = {
				ALWAYS_SEARCH_USER_PATHS = NO;
				ASSETCATALOG_COMPILER_GENERATE_SWIFT_ASSET_SYMBOL_EXTENSIONS = YES;
				CLANG_ANALYZER_NONNULL = YES;
				CLANG_ANALYZER_NUMBER_OBJECT_CONVERSION = YES_AGGRESSIVE;
				CLANG_CXX_LANGUAGE_STANDARD = "gnu++20";
				CLANG_ENABLE_MODULES = YES;
				CLANG_ENABLE_OBJC_ARC = YES;
				CLANG_ENABLE_OBJC_WEAK = YES;
				CLANG_WARN_BLOCK_CAPTURE_AUTORELEASING = YES;
				CLANG_WARN_BOOL_CONVERSION = YES;
				CLANG_WARN_COMMA = YES;
				CLANG_WARN_CONSTANT_CONVERSION = YES;
				CLANG_WARN_DEPRECATED_OBJC_IMPLEMENTATIONS = YES;
				CLANG_WARN_DIRECT_OBJC_ISA_USAGE = YES_ERROR;
				CLANG_WARN_DOCUMENTATION_COMMENTS = YES;
				CLANG_WARN_EMPTY_BODY = YES;
				CLANG_WARN_ENUM_CONVERSION = YES;
				CLANG_WARN_INFINITE_RECURSION = YES;
				CLANG_WARN_INT_CONVERSION = YES;
				CLANG_WARN_NON_LITERAL_NULL_CONVERSION = YES;
				CLANG_WARN_OBJC_IMPLICIT_RETAIN_SELF = YES;
				CLANG_WARN_OBJC_LITERAL_CONVERSION = YES;
				CLANG_WARN_OBJC_ROOT_CLASS = YES_ERROR;
				CLANG_WARN_QUOTED_INCLUDE_IN_FRAMEWORK_HEADER = YES;
				CLANG_WARN_RANGE_LOOP_ANALYSIS = YES;
				CLANG_WARN_STRICT_PROTOTYPES = YES;
				CLANG_WARN_SUSPICIOUS_MOVE = YES;
				CLANG_WARN_UNGUARDED_AVAILABILITY = YES_AGGRESSIVE;
				CLANG_WARN_UNREACHABLE_CODE = YES;
				CLANG_WARN__DUPLICATE_METHOD_MATCH = YES;
				COPY_PHASE_STRIP = NO;
				DEBUG_INFORMATION_FORMAT = "dwarf-with-dsym";
				ENABLE_NS_ASSERTIONS = NO;
				ENABLE_STRICT_OBJC_MSGSEND = YES;
				ENABLE_USER_SCRIPT_SANDBOXING = YES;
				GCC_C_LANGUAGE_STANDARD = gnu17;
				GCC_NO_COMMON_BLOCKS = YES;
				GCC_WARN_64_TO_32_BIT_CONVERSION = YES;
				GCC_WARN_ABOUT_RETURN_TYPE = YES_ERROR;
				GCC_WARN_UNDECLARED_SELECTOR = YES;
				GCC_WARN_UNINITIALIZED_AUTOS = YES_AGGRESSIVE;
				GCC_WARN_UNUSED_FUNCTION = YES;
				GCC_WARN_UNUSED_VARIABLE = YES;
				IPHONEOS_DEPLOYMENT_TARGET = 18.2;
				LOCALIZATION_PREFERS_STRING_CATALOGS = YES;
				MTL_ENABLE_DEBUG_INFO = NO;
				MTL_FAST_MATH = YES;
				SDKROOT = iphoneos;
				SWIFT_COMPILATION_MODE = wholemodule;
				VALIDATE_PRODUCT = YES;
			};
			name = Release;
		};
		514D002B2DA41890008BB1CF /* Debug */ = {
			isa = XCBuildConfiguration;
			buildSettings = {
				ASSETCATALOG_COMPILER_APPICON_NAME = AppIcon;
				ASSETCATALOG_COMPILER_GLOBAL_ACCENT_COLOR_NAME = AccentColor;
				CODE_SIGN_STYLE = Automatic;
				CURRENT_PROJECT_VERSION = 1;
				DEVELOPMENT_ASSET_PATHS = "\"WaddleWaddle/Preview Content\"";
				DEVELOPMENT_TEAM = LP5M2W5MRT;
				ENABLE_PREVIEWS = YES;
				GENERATE_INFOPLIST_FILE = YES;
				INFOPLIST_KEY_CFBundleDisplayName = Waddle;
				INFOPLIST_KEY_UIApplicationSceneManifest_Generation = YES;
				INFOPLIST_KEY_UIApplicationSupportsIndirectInputEvents = YES;
				INFOPLIST_KEY_UILaunchScreen_Generation = YES;
				INFOPLIST_KEY_UISupportedInterfaceOrientations_iPad = "UIInterfaceOrientationPortrait UIInterfaceOrientationPortraitUpsideDown UIInterfaceOrientationLandscapeLeft UIInterfaceOrientationLandscapeRight";
				INFOPLIST_KEY_UISupportedInterfaceOrientations_iPhone = "UIInterfaceOrientationPortrait UIInterfaceOrientationLandscapeLeft UIInterfaceOrientationLandscapeRight";
				LD_RUNPATH_SEARCH_PATHS = (
					"$(inherited)",
					"@executable_path/Frameworks",
				);
				MARKETING_VERSION = 1.0;
				PRODUCT_BUNDLE_IDENTIFIER = "com.example.apple-samplecode.Waddle";
				PRODUCT_NAME = "$(TARGET_NAME)";
				SWIFT_EMIT_LOC_STRINGS = YES;
				SWIFT_VERSION = 5.0;
				TARGETED_DEVICE_FAMILY = "1,2";
			};
			name = Debug;
		};
		514D002C2DA41890008BB1CF /* Release */ = {
			isa = XCBuildConfiguration;
			buildSettings = {
				ASSETCATALOG_COMPILER_APPICON_NAME = AppIcon;
				ASSETCATALOG_COMPILER_GLOBAL_ACCENT_COLOR_NAME = AccentColor;
				CODE_SIGN_STYLE = Automatic;
				CURRENT_PROJECT_VERSION = 1;
				DEVELOPMENT_ASSET_PATHS = "\"WaddleWaddle/Preview Content\"";
				DEVELOPMENT_TEAM = LP5M2W5MRT;
				ENABLE_PREVIEWS = YES;
				GENERATE_INFOPLIST_FILE = YES;
				INFOPLIST_KEY_CFBundleDisplayName = Waddle;
				INFOPLIST_KEY_UIApplicationSceneManifest_Generation = YES;
				INFOPLIST_KEY_UIApplicationSupportsIndirectInputEvents = YES;
				INFOPLIST_KEY_UILaunchScreen_Generation = YES;
				INFOPLIST_KEY_UISupportedInterfaceOrientations_iPad = "UIInterfaceOrientationPortrait UIInterfaceOrientationPortraitUpsideDown UIInterfaceOrientationLandscapeLeft UIInterfaceOrientationLandscapeRight";
				INFOPLIST_KEY_UISupportedInterfaceOrientations_iPhone = "UIInterfaceOrientationPortrait UIInterfaceOrientationLandscapeLeft UIInterfaceOrientationLandscapeRight";
				LD_RUNPATH_SEARCH_PATHS = (
					"$(inherited)",
					"@executable_path/Frameworks",
				);
				MARKETING_VERSION = 1.0;
				PRODUCT_BUNDLE_IDENTIFIER = "com.example.apple-samplecode.Waddle";
				PRODUCT_NAME = "$(TARGET_NAME)";
				SWIFT_EMIT_LOC_STRINGS = YES;
				SWIFT_VERSION = 5.0;
				TARGETED_DEVICE_FAMILY = "1,2";
			};
			name = Release;
		};
		514D002E2DA41890008BB1CF /* Debug */ = {
			isa = XCBuildConfiguration;
			buildSettings = {
				BUNDLE_LOADER = "$(TEST_HOST)";
				CODE_SIGN_STYLE = Automatic;
				CURRENT_PROJECT_VERSION = 1;
				DEVELOPMENT_TEAM = LP5M2W5MRT;
				GENERATE_INFOPLIST_FILE = YES;
				IPHONEOS_DEPLOYMENT_TARGET = 18.2;
				MARKETING_VERSION = 1.0;
				PRODUCT_BUNDLE_IDENTIFIER = "com.example.apple-samplecode.WaddleWaddleTests";
				PRODUCT_NAME = "$(TARGET_NAME)";
				SWIFT_EMIT_LOC_STRINGS = NO;
				SWIFT_VERSION = 5.0;
				TARGETED_DEVICE_FAMILY = "1,2";
				TEST_HOST = "$(BUILT_PRODUCTS_DIR)/WaddleWaddle.app/$(BUNDLE_EXECUTABLE_FOLDER_PATH)/WaddleWaddle";
			};
			name = Debug;
		};
		514D002F2DA41890008BB1CF /* Release */ = {
			isa = XCBuildConfiguration;
			buildSettings = {
				BUNDLE_LOADER = "$(TEST_HOST)";
				CODE_SIGN_STYLE = Automatic;
				CURRENT_PROJECT_VERSION = 1;
				DEVELOPMENT_TEAM = LP5M2W5MRT;
				GENERATE_INFOPLIST_FILE = YES;
				IPHONEOS_DEPLOYMENT_TARGET = 18.2;
				MARKETING_VERSION = 1.0;
				PRODUCT_BUNDLE_IDENTIFIER = "com.example.apple-samplecode.WaddleWaddleTests";
				PRODUCT_NAME = "$(TARGET_NAME)";
				SWIFT_EMIT_LOC_STRINGS = NO;
				SWIFT_VERSION = 5.0;
				TARGETED_DEVICE_FAMILY = "1,2";
				TEST_HOST = "$(BUILT_PRODUCTS_DIR)/WaddleWaddle.app/$(BUNDLE_EXECUTABLE_FOLDER_PATH)/WaddleWaddle";
			};
			name = Release;
		};
		514D00312DA41890008BB1CF /* Debug */ = {
			isa = XCBuildConfiguration;
			buildSettings = {
				CODE_SIGN_STYLE = Automatic;
				CURRENT_PROJECT_VERSION = 1;
				DEVELOPMENT_TEAM = LP5M2W5MRT;
				GENERATE_INFOPLIST_FILE = YES;
				MARKETING_VERSION = 1.0;
				PRODUCT_BUNDLE_IDENTIFIER = "com.example.apple-samplecode.WaddleWaddleUITests";
				PRODUCT_NAME = "$(TARGET_NAME)";
				SWIFT_EMIT_LOC_STRINGS = NO;
				SWIFT_VERSION = 5.0;
				TARGETED_DEVICE_FAMILY = "1,2";
				TEST_TARGET_NAME = WaddleWaddle;
			};
			name = Debug;
		};
		514D00322DA41890008BB1CF /* Release */ = {
			isa = XCBuildConfiguration;
			buildSettings = {
				CODE_SIGN_STYLE = Automatic;
				CURRENT_PROJECT_VERSION = 1;
				DEVELOPMENT_TEAM = LP5M2W5MRT;
				GENERATE_INFOPLIST_FILE = YES;
				MARKETING_VERSION = 1.0;
				PRODUCT_BUNDLE_IDENTIFIER = "com.example.apple-samplecode.WaddleWaddleUITests";
				PRODUCT_NAME = "$(TARGET_NAME)";
				SWIFT_EMIT_LOC_STRINGS = NO;
				SWIFT_VERSION = 5.0;
				TARGETED_DEVICE_FAMILY = "1,2";
				TEST_TARGET_NAME = WaddleWaddle;
			};
			name = Release;
		};
/* End XCBuildConfiguration section */

/* Begin XCConfigurationList section */
		514D00012DA4188F008BB1CF /* Build configuration list for PBXProject "WaddleWaddle" */ = {
			isa = XCConfigurationList;
			buildConfigurations = (
				514D00282DA41890008BB1CF /* Debug */,
				514D00292DA41890008BB1CF /* Release */,
			);
			defaultConfigurationIsVisible = 0;
			defaultConfigurationName = Release;
		};
		514D002A2DA41890008BB1CF /* Build configuration list for PBXNativeTarget "WaddleWaddle" */ = {
			isa = XCConfigurationList;
			buildConfigurations = (
				514D002B2DA41890008BB1CF /* Debug */,
				514D002C2DA41890008BB1CF /* Release */,
			);
			defaultConfigurationIsVisible = 0;
			defaultConfigurationName = Release;
		};
		514D002D2DA41890008BB1CF /* Build configuration list for PBXNativeTarget "WaddleWaddleTests" */ = {
			isa = XCConfigurationList;
			buildConfigurations = (
				514D002E2DA41890008BB1CF /* Debug */,
				514D002F2DA41890008BB1CF /* Release */,
			);
			defaultConfigurationIsVisible = 0;
			defaultConfigurationName = Release;
		};
		514D00302DA41890008BB1CF /* Build configuration list for PBXNativeTarget "WaddleWaddleUITests" */ = {
			isa = XCConfigurationList;
			buildConfigurations = (
				514D00312DA41890008BB1CF /* Debug */,
				514D00322DA41890008BB1CF /* Release */,
			);
			defaultConfigurationIsVisible = 0;
			defaultConfigurationName = Release;
		};
/* End XCConfigurationList section */
	};
	rootObject = 514DFFFE2DA4188F008BB1CF /* Project object */;
}
